
Microsoft Visual Studio Solution File, Format Version 12.00
# Visual Studio Version 17
VisualStudioVersion = 17.0.31919.166
MinimumVisualStudioVersion = 10.0.40219.1
Project("{FAE04EC0-301F-11D3-BF4B-00C04F79EFBC}") = "TodoApi", "TodoApi\TodoApi.csproj", "{155CA013-3E62-4CE9-BB86-3E23EDECF24D}"
EndProject
Global
	GlobalSection(SolutionConfigurationPlatforms) = preSolution
		Debug|Any CPU = Debug|Any CPU
		Release|Any CPU = Release|Any CPU
	EndGlobalSection
	GlobalSection(ProjectConfigurationPlatforms) = postSolution
		{155CA013-3E62-4CE9-BB86-3E23EDECF24D}.Debug|Any CPU.ActiveCfg = Debug|Any CPU
		{155CA013-3E62-4CE9-BB86-3E23EDECF24D}.Debug|Any CPU.Build.0 = Debug|Any CPU
		{155CA013-3E62-4CE9-BB86-3E23EDECF24D}.Release|Any CPU.ActiveCfg = Release|Any CPU
		{155CA013-3E62-4CE9-BB86-3E23EDECF24D}.Release|Any CPU.Build.0 = Release|Any CPU
	EndGlobalSection
	GlobalSection(SolutionProperties) = preSolution
		HideSolutionNode = FALSE
	EndGlobalSection
	GlobalSection(ExtensibilityGlobals) = postSolution
		SolutionGuid = {98699D74-2E79-4507-8E44-95ECAD53CDDA}
	EndGlobalSection
EndGlobal
